
Microsoft Visual Studio Solution File, Format Version 12.00
# Visual Studio Version 17
VisualStudioVersion = 17.9.34616.47
MinimumVisualStudioVersion = 10.0.40219.1
Project("{FAE04EC0-301F-11D3-BF4B-00C04F79EFBC}") = "AntoniosTalyer", "AntoniosTalyer\AntoniosTalyer.csproj", "{42F57CD3-4887-4F8C-9D45-2A7A7F89500A}"
EndProject
Global
	GlobalSection(SolutionConfigurationPlatforms) = preSolution
		Debug|Any CPU = Debug|Any CPU
		Release|Any CPU = Release|Any CPU
	EndGlobalSection
	GlobalSection(ProjectConfigurationPlatforms) = postSolution
		{42F57CD3-4887-4F8C-9D45-2A7A7F89500A}.Debug|Any CPU.ActiveCfg = Debug|Any CPU
		{42F57CD3-4887-4F8C-9D45-2A7A7F89500A}.Debug|Any CPU.Build.0 = Debug|Any CPU
		{42F57CD3-4887-4F8C-9D45-2A7A7F89500A}.Release|Any CPU.ActiveCfg = Release|Any CPU
		{42F57CD3-4887-4F8C-9D45-2A7A7F89500A}.Release|Any CPU.Build.0 = Release|Any CPU
	EndGlobalSection
	GlobalSection(SolutionProperties) = preSolution
		HideSolutionNode = FALSE
	EndGlobalSection
	GlobalSection(ExtensibilityGlobals) = postSolution
		SolutionGuid = {24F348EB-4F07-4D43-942E-C0881D291224}
	EndGlobalSection
EndGlobal
